
Microsoft Visual Studio Solution File, Format Version 10.00
# Visual Studio 2008
Project("{8BC9CEB8-8B4A-11D0-8D11-00A0C91BC942}") = "3.2", "3.2\3.2.vcproj", "{FEE51408-C2C2-46C4-AFD7-B06218AC1BA3}"
EndProject
Global
	GlobalSection(SolutionConfigurationPlatforms) = preSolution
		Debug|Win32 = Debug|Win32
		Release|Win32 = Release|Win32
	EndGlobalSection
	GlobalSection(ProjectConfigurationPlatforms) = postSolution
		{FEE51408-C2C2-46C4-AFD7-B06218AC1BA3}.Debug|Win32.ActiveCfg = Debug|Win32
		{FEE51408-C2C2-46C4-AFD7-B06218AC1BA3}.Debug|Win32.Build.0 = Debug|Win32
		{FEE51408-C2C2-46C4-AFD7-B06218AC1BA3}.Release|Win32.ActiveCfg = Release|Win32
		{FEE51408-C2C2-46C4-AFD7-B06218AC1BA3}.Release|Win32.Build.0 = Release|Win32
	EndGlobalSection
	GlobalSection(SolutionProperties) = preSolution
		HideSolutionNode = FALSE
	EndGlobalSection
EndGlobal
