
Microsoft Visual Studio Solution File, Format Version 10.00
# Visual Studio 2008
Project("{8BC9CEB8-8B4A-11D0-8D11-00A0C91BC942}") = "整型计算测试", "整型计算测试\整型计算测试.vcproj", "{E60B8A5E-2602-4E6E-ADF4-534D39667F33}"
EndProject
Global
	GlobalSection(SolutionConfigurationPlatforms) = preSolution
		Debug|Win32 = Debug|Win32
		Release|Win32 = Release|Win32
	EndGlobalSection
	GlobalSection(ProjectConfigurationPlatforms) = postSolution
		{E60B8A5E-2602-4E6E-ADF4-534D39667F33}.Debug|Win32.ActiveCfg = Debug|Win32
		{E60B8A5E-2602-4E6E-ADF4-534D39667F33}.Debug|Win32.Build.0 = Debug|Win32
		{E60B8A5E-2602-4E6E-ADF4-534D39667F33}.Release|Win32.ActiveCfg = Release|Win32
		{E60B8A5E-2602-4E6E-ADF4-534D39667F33}.Release|Win32.Build.0 = Release|Win32
	EndGlobalSection
	GlobalSection(SolutionProperties) = preSolution
		HideSolutionNode = FALSE
	EndGlobalSection
EndGlobal
