
Microsoft Visual Studio Solution File, Format Version 10.00
# Visual Studio 2008
Project("{8BC9CEB8-8B4A-11D0-8D11-00A0C91BC942}") = "6.15复习题", "6.15复习题\6.15复习题.vcproj", "{1625DF13-DBE1-4471-9B9F-C4168B8BF0EA}"
EndProject
Global
	GlobalSection(SolutionConfigurationPlatforms) = preSolution
		Debug|Win32 = Debug|Win32
		Release|Win32 = Release|Win32
	EndGlobalSection
	GlobalSection(ProjectConfigurationPlatforms) = postSolution
		{1625DF13-DBE1-4471-9B9F-C4168B8BF0EA}.Debug|Win32.ActiveCfg = Debug|Win32
		{1625DF13-DBE1-4471-9B9F-C4168B8BF0EA}.Debug|Win32.Build.0 = Debug|Win32
		{1625DF13-DBE1-4471-9B9F-C4168B8BF0EA}.Release|Win32.ActiveCfg = Release|Win32
		{1625DF13-DBE1-4471-9B9F-C4168B8BF0EA}.Release|Win32.Build.0 = Release|Win32
	EndGlobalSection
	GlobalSection(SolutionProperties) = preSolution
		HideSolutionNode = FALSE
	EndGlobalSection
EndGlobal
