
Microsoft Visual Studio Solution File, Format Version 10.00
# Visual Studio 2008
Project("{8BC9CEB8-8B4A-11D0-8D11-00A0C91BC942}") = "编程练习5.11", "编程练习5.11\编程练习5.11.vcproj", "{64E90273-9654-432E-9CC7-97256D5B328D}"
EndProject
Global
	GlobalSection(SolutionConfigurationPlatforms) = preSolution
		Debug|Win32 = Debug|Win32
		Release|Win32 = Release|Win32
	EndGlobalSection
	GlobalSection(ProjectConfigurationPlatforms) = postSolution
		{64E90273-9654-432E-9CC7-97256D5B328D}.Debug|Win32.ActiveCfg = Debug|Win32
		{64E90273-9654-432E-9CC7-97256D5B328D}.Debug|Win32.Build.0 = Debug|Win32
		{64E90273-9654-432E-9CC7-97256D5B328D}.Release|Win32.ActiveCfg = Release|Win32
		{64E90273-9654-432E-9CC7-97256D5B328D}.Release|Win32.Build.0 = Release|Win32
	EndGlobalSection
	GlobalSection(SolutionProperties) = preSolution
		HideSolutionNode = FALSE
	EndGlobalSection
EndGlobal
