
Microsoft Visual Studio Solution File, Format Version 10.00
# Visual Studio 2008
Project("{8BC9CEB8-8B4A-11D0-8D11-00A0C91BC942}") = "可移植类型", "可移植类型\可移植类型.vcproj", "{6A350C54-1357-4ADE-BB60-E934A804A581}"
EndProject
Global
	GlobalSection(SolutionConfigurationPlatforms) = preSolution
		Debug|Win32 = Debug|Win32
		Release|Win32 = Release|Win32
	EndGlobalSection
	GlobalSection(ProjectConfigurationPlatforms) = postSolution
		{6A350C54-1357-4ADE-BB60-E934A804A581}.Debug|Win32.ActiveCfg = Debug|Win32
		{6A350C54-1357-4ADE-BB60-E934A804A581}.Debug|Win32.Build.0 = Debug|Win32
		{6A350C54-1357-4ADE-BB60-E934A804A581}.Release|Win32.ActiveCfg = Release|Win32
		{6A350C54-1357-4ADE-BB60-E934A804A581}.Release|Win32.Build.0 = Release|Win32
	EndGlobalSection
	GlobalSection(SolutionProperties) = preSolution
		HideSolutionNode = FALSE
	EndGlobalSection
EndGlobal
