
Microsoft Visual Studio Solution File, Format Version 12.00
# Visual Studio 15
VisualStudioVersion = 15.0.28010.2016
MinimumVisualStudioVersion = 10.0.40219.1
Project("{8BC9CEB8-8B4A-11D0-8D11-00A0C91BC942}") = "9.7", "9.7\9.7.vcxproj", "{E039BF24-2EF9-4572-852A-0465D0A2A436}"
EndProject
Global
	GlobalSection(SolutionConfigurationPlatforms) = preSolution
		Debug|x64 = Debug|x64
		Debug|x86 = Debug|x86
		Release|x64 = Release|x64
		Release|x86 = Release|x86
	EndGlobalSection
	GlobalSection(ProjectConfigurationPlatforms) = postSolution
		{E039BF24-2EF9-4572-852A-0465D0A2A436}.Debug|x64.ActiveCfg = Debug|x64
		{E039BF24-2EF9-4572-852A-0465D0A2A436}.Debug|x64.Build.0 = Debug|x64
		{E039BF24-2EF9-4572-852A-0465D0A2A436}.Debug|x86.ActiveCfg = Debug|Win32
		{E039BF24-2EF9-4572-852A-0465D0A2A436}.Debug|x86.Build.0 = Debug|Win32
		{E039BF24-2EF9-4572-852A-0465D0A2A436}.Release|x64.ActiveCfg = Release|x64
		{E039BF24-2EF9-4572-852A-0465D0A2A436}.Release|x64.Build.0 = Release|x64
		{E039BF24-2EF9-4572-852A-0465D0A2A436}.Release|x86.ActiveCfg = Release|Win32
		{E039BF24-2EF9-4572-852A-0465D0A2A436}.Release|x86.Build.0 = Release|Win32
	EndGlobalSection
	GlobalSection(SolutionProperties) = preSolution
		HideSolutionNode = FALSE
	EndGlobalSection
	GlobalSection(ExtensibilityGlobals) = postSolution
		SolutionGuid = {C69BD09F-449E-4DBC-A87A-FB0A80BACDFB}
	EndGlobalSection
EndGlobal
