
Microsoft Visual Studio Solution File, Format Version 10.00
# Visual Studio 2008
Project("{8BC9CEB8-8B4A-11D0-8D11-00A0C91BC942}") = "转换不匹配", "转换不匹配\转换不匹配.vcproj", "{E7C9F7D5-8FBB-4CB4-ABC6-C50B40484537}"
EndProject
Global
	GlobalSection(SolutionConfigurationPlatforms) = preSolution
		Debug|Win32 = Debug|Win32
		Release|Win32 = Release|Win32
	EndGlobalSection
	GlobalSection(ProjectConfigurationPlatforms) = postSolution
		{E7C9F7D5-8FBB-4CB4-ABC6-C50B40484537}.Debug|Win32.ActiveCfg = Debug|Win32
		{E7C9F7D5-8FBB-4CB4-ABC6-C50B40484537}.Debug|Win32.Build.0 = Debug|Win32
		{E7C9F7D5-8FBB-4CB4-ABC6-C50B40484537}.Release|Win32.ActiveCfg = Release|Win32
		{E7C9F7D5-8FBB-4CB4-ABC6-C50B40484537}.Release|Win32.Build.0 = Release|Win32
	EndGlobalSection
	GlobalSection(SolutionProperties) = preSolution
		HideSolutionNode = FALSE
	EndGlobalSection
EndGlobal
