
Microsoft Visual Studio Solution File, Format Version 10.00
# Visual Studio 2008
Project("{8BC9CEB8-8B4A-11D0-8D11-00A0C91BC942}") = "printf的修饰符和标记", "printf的修饰符和标记\printf的修饰符和标记.vcproj", "{DA9FF99A-AD41-4215-8D45-04B65D9A6AD6}"
EndProject
Global
	GlobalSection(SolutionConfigurationPlatforms) = preSolution
		Debug|Win32 = Debug|Win32
		Release|Win32 = Release|Win32
	EndGlobalSection
	GlobalSection(ProjectConfigurationPlatforms) = postSolution
		{DA9FF99A-AD41-4215-8D45-04B65D9A6AD6}.Debug|Win32.ActiveCfg = Debug|Win32
		{DA9FF99A-AD41-4215-8D45-04B65D9A6AD6}.Debug|Win32.Build.0 = Debug|Win32
		{DA9FF99A-AD41-4215-8D45-04B65D9A6AD6}.Release|Win32.ActiveCfg = Release|Win32
		{DA9FF99A-AD41-4215-8D45-04B65D9A6AD6}.Release|Win32.Build.0 = Release|Win32
	EndGlobalSection
	GlobalSection(SolutionProperties) = preSolution
		HideSolutionNode = FALSE
	EndGlobalSection
EndGlobal
