
Microsoft Visual Studio Solution File, Format Version 12.00
# Visual Studio 15
VisualStudioVersion = 15.0.28010.2016
MinimumVisualStudioVersion = 10.0.40219.1
Project("{8BC9CEB8-8B4A-11D0-8D11-00A0C91BC942}") = "第七章复习题", "第七章复习题\第七章复习题.vcxproj", "{9BCC44AB-D087-4B56-AE8A-B0F73A28AB1D}"
EndProject
Global
	GlobalSection(SolutionConfigurationPlatforms) = preSolution
		Debug|x64 = Debug|x64
		Debug|x86 = Debug|x86
		Release|x64 = Release|x64
		Release|x86 = Release|x86
	EndGlobalSection
	GlobalSection(ProjectConfigurationPlatforms) = postSolution
		{9BCC44AB-D087-4B56-AE8A-B0F73A28AB1D}.Debug|x64.ActiveCfg = Debug|x64
		{9BCC44AB-D087-4B56-AE8A-B0F73A28AB1D}.Debug|x64.Build.0 = Debug|x64
		{9BCC44AB-D087-4B56-AE8A-B0F73A28AB1D}.Debug|x86.ActiveCfg = Debug|Win32
		{9BCC44AB-D087-4B56-AE8A-B0F73A28AB1D}.Debug|x86.Build.0 = Debug|Win32
		{9BCC44AB-D087-4B56-AE8A-B0F73A28AB1D}.Release|x64.ActiveCfg = Release|x64
		{9BCC44AB-D087-4B56-AE8A-B0F73A28AB1D}.Release|x64.Build.0 = Release|x64
		{9BCC44AB-D087-4B56-AE8A-B0F73A28AB1D}.Release|x86.ActiveCfg = Release|Win32
		{9BCC44AB-D087-4B56-AE8A-B0F73A28AB1D}.Release|x86.Build.0 = Release|Win32
	EndGlobalSection
	GlobalSection(SolutionProperties) = preSolution
		HideSolutionNode = FALSE
	EndGlobalSection
	GlobalSection(ExtensibilityGlobals) = postSolution
		SolutionGuid = {C385E796-E2B1-41D6-BE1E-A4ABEBF36005}
	EndGlobalSection
EndGlobal
