
Microsoft Visual Studio Solution File, Format Version 10.00
# Visual Studio 2008
Project("{8BC9CEB8-8B4A-11D0-8D11-00A0C91BC942}") = "5.8", "5.8\5.8.vcproj", "{638BC6F6-19E8-4CB2-9FF5-7377C47F745A}"
EndProject
Global
	GlobalSection(SolutionConfigurationPlatforms) = preSolution
		Debug|Win32 = Debug|Win32
		Release|Win32 = Release|Win32
	EndGlobalSection
	GlobalSection(ProjectConfigurationPlatforms) = postSolution
		{638BC6F6-19E8-4CB2-9FF5-7377C47F745A}.Debug|Win32.ActiveCfg = Debug|Win32
		{638BC6F6-19E8-4CB2-9FF5-7377C47F745A}.Debug|Win32.Build.0 = Debug|Win32
		{638BC6F6-19E8-4CB2-9FF5-7377C47F745A}.Release|Win32.ActiveCfg = Release|Win32
		{638BC6F6-19E8-4CB2-9FF5-7377C47F745A}.Release|Win32.Build.0 = Release|Win32
	EndGlobalSection
	GlobalSection(SolutionProperties) = preSolution
		HideSolutionNode = FALSE
	EndGlobalSection
EndGlobal
