
Microsoft Visual Studio Solution File, Format Version 10.00
# Visual Studio 2008
Project("{8BC9CEB8-8B4A-11D0-8D11-00A0C91BC942}") = "伪五子棋", "伪五子棋\伪五子棋.vcproj", "{DDFB018F-2830-4999-ABEA-816B1C3609DE}"
EndProject
Global
	GlobalSection(SolutionConfigurationPlatforms) = preSolution
		Debug|Win32 = Debug|Win32
		Release|Win32 = Release|Win32
	EndGlobalSection
	GlobalSection(ProjectConfigurationPlatforms) = postSolution
		{DDFB018F-2830-4999-ABEA-816B1C3609DE}.Debug|Win32.ActiveCfg = Debug|Win32
		{DDFB018F-2830-4999-ABEA-816B1C3609DE}.Debug|Win32.Build.0 = Debug|Win32
		{DDFB018F-2830-4999-ABEA-816B1C3609DE}.Release|Win32.ActiveCfg = Release|Win32
		{DDFB018F-2830-4999-ABEA-816B1C3609DE}.Release|Win32.Build.0 = Release|Win32
	EndGlobalSection
	GlobalSection(SolutionProperties) = preSolution
		HideSolutionNode = FALSE
	EndGlobalSection
EndGlobal
